
Microsoft Visual Studio Solution File, Format Version 12.00
# Visual Studio Version 17
VisualStudioVersion = 17.0.31903.59
MinimumVisualStudioVersion = 10.0.40219.1
Project("{9A19103F-16F7-4668-BE54-9A1E7A4F7556}") = "OddTrotterPortal", "OddTrotterPortal\OddTrotterPortal.csproj", "{413A6974-270D-4F33-BA5D-BDB2080F684C}"
EndProject
Project("{9A19103F-16F7-4668-BE54-9A1E7A4F7556}") = "OddTrotter.Core", "OddTrotter.Core\OddTrotter.Core.csproj", "{01FF5E08-16ED-44F3-A7EC-E882F1BF97D5}"
EndProject
Project("{9A19103F-16F7-4668-BE54-9A1E7A4F7556}") = "Fx.Core", "Fx.Core\Fx.Core\Fx.Core.csproj", "{794E4DFD-6DAD-497D-80C1-9967C4791F1C}"
EndProject
Project("{9A19103F-16F7-4668-BE54-9A1E7A4F7556}") = "OddTrotter.Core.Tests", "OddTrotter.Core.Tests\OddTrotter.Core.Tests.csproj", "{A9ACAB07-BFD4-404D-B33C-036214FF4011}"
EndProject
Project("{9A19103F-16F7-4668-BE54-9A1E7A4F7556}") = "OddTrotter.MemoryCachingInteractionLibrary", "OddTrotter.MemoryCachingInteractionLibrary\OddTrotter.MemoryCachingInteractionLibrary.csproj", "{E6F6121A-D6C9-4520-9E3B-D5E24F42B387}"
EndProject
Project("{9A19103F-16F7-4668-BE54-9A1E7A4F7556}") = "OddTrotter.TestCore", "OddTrotter.TestCore\OddTrotter.TestCore.csproj", "{0165CA64-BBCF-4E13-B47B-CF2394BA765B}"
EndProject
Project("{9A19103F-16F7-4668-BE54-9A1E7A4F7556}") = "OddTrotter.MemoryCachingInteractionLibrary.Tests", "OddTrotter.MemoryCachingInteractionLibrary.Tests\OddTrotter.MemoryCachingInteractionLibrary.Tests.csproj", "{84020AE6-A68B-4B7A-9665-31796B42B6F3}"
EndProject
Project("{9A19103F-16F7-4668-BE54-9A1E7A4F7556}") = "OddTrotterPortal.Tests", "OddTrotterPortal.Tests\OddTrotterPortal.Tests.csproj", "{374BB3F1-BAAA-49D4-913C-5D20A68B431A}"
EndProject
Project("{9A19103F-16F7-4668-BE54-9A1E7A4F7556}") = "OddTrotter.AspNetCoreHttpInteractionLibrary", "OddTrotter.AspNetCoreHttpInteractionLibrary\OddTrotter.AspNetCoreHttpInteractionLibrary.csproj", "{D1B7AF72-E793-47EB-9C11-76D2418761DE}"
EndProject
Project("{9A19103F-16F7-4668-BE54-9A1E7A4F7556}") = "OddTrotter.AspNetCoreHttpInteractionLibrary.Tests", "OddTrotter.AspNetCoreHttpInteractionLibrary.Tests\OddTrotter.AspNetCoreHttpInteractionLibrary.Tests.csproj", "{05DB2BD3-7EE2-407F-9CF7-B1E3AA3D98BC}"
EndProject
Global
	GlobalSection(SolutionConfigurationPlatforms) = preSolution
		Debug|Any CPU = Debug|Any CPU
		Release|Any CPU = Release|Any CPU
	EndGlobalSection
	GlobalSection(ProjectConfigurationPlatforms) = postSolution
		{413A6974-270D-4F33-BA5D-BDB2080F684C}.Debug|Any CPU.ActiveCfg = Debug|Any CPU
		{413A6974-270D-4F33-BA5D-BDB2080F684C}.Debug|Any CPU.Build.0 = Debug|Any CPU
		{413A6974-270D-4F33-BA5D-BDB2080F684C}.Release|Any CPU.ActiveCfg = Release|Any CPU
		{413A6974-270D-4F33-BA5D-BDB2080F684C}.Release|Any CPU.Build.0 = Release|Any CPU
		{01FF5E08-16ED-44F3-A7EC-E882F1BF97D5}.Debug|Any CPU.ActiveCfg = Debug|Any CPU
		{01FF5E08-16ED-44F3-A7EC-E882F1BF97D5}.Debug|Any CPU.Build.0 = Debug|Any CPU
		{01FF5E08-16ED-44F3-A7EC-E882F1BF97D5}.Release|Any CPU.ActiveCfg = Release|Any CPU
		{01FF5E08-16ED-44F3-A7EC-E882F1BF97D5}.Release|Any CPU.Build.0 = Release|Any CPU
		{794E4DFD-6DAD-497D-80C1-9967C4791F1C}.Debug|Any CPU.ActiveCfg = Debug|Any CPU
		{794E4DFD-6DAD-497D-80C1-9967C4791F1C}.Debug|Any CPU.Build.0 = Debug|Any CPU
		{794E4DFD-6DAD-497D-80C1-9967C4791F1C}.Release|Any CPU.ActiveCfg = Release|Any CPU
		{794E4DFD-6DAD-497D-80C1-9967C4791F1C}.Release|Any CPU.Build.0 = Release|Any CPU
		{A9ACAB07-BFD4-404D-B33C-036214FF4011}.Debug|Any CPU.ActiveCfg = Debug|Any CPU
		{A9ACAB07-BFD4-404D-B33C-036214FF4011}.Debug|Any CPU.Build.0 = Debug|Any CPU
		{A9ACAB07-BFD4-404D-B33C-036214FF4011}.Release|Any CPU.ActiveCfg = Release|Any CPU
		{A9ACAB07-BFD4-404D-B33C-036214FF4011}.Release|Any CPU.Build.0 = Release|Any CPU
		{E6F6121A-D6C9-4520-9E3B-D5E24F42B387}.Debug|Any CPU.ActiveCfg = Debug|Any CPU
		{E6F6121A-D6C9-4520-9E3B-D5E24F42B387}.Debug|Any CPU.Build.0 = Debug|Any CPU
		{E6F6121A-D6C9-4520-9E3B-D5E24F42B387}.Release|Any CPU.ActiveCfg = Release|Any CPU
		{E6F6121A-D6C9-4520-9E3B-D5E24F42B387}.Release|Any CPU.Build.0 = Release|Any CPU
		{0165CA64-BBCF-4E13-B47B-CF2394BA765B}.Debug|Any CPU.ActiveCfg = Debug|Any CPU
		{0165CA64-BBCF-4E13-B47B-CF2394BA765B}.Debug|Any CPU.Build.0 = Debug|Any CPU
		{0165CA64-BBCF-4E13-B47B-CF2394BA765B}.Release|Any CPU.ActiveCfg = Release|Any CPU
		{0165CA64-BBCF-4E13-B47B-CF2394BA765B}.Release|Any CPU.Build.0 = Release|Any CPU
		{84020AE6-A68B-4B7A-9665-31796B42B6F3}.Debug|Any CPU.ActiveCfg = Debug|Any CPU
		{84020AE6-A68B-4B7A-9665-31796B42B6F3}.Debug|Any CPU.Build.0 = Debug|Any CPU
		{84020AE6-A68B-4B7A-9665-31796B42B6F3}.Release|Any CPU.ActiveCfg = Release|Any CPU
		{84020AE6-A68B-4B7A-9665-31796B42B6F3}.Release|Any CPU.Build.0 = Release|Any CPU
		{374BB3F1-BAAA-49D4-913C-5D20A68B431A}.Debug|Any CPU.ActiveCfg = Debug|Any CPU
		{374BB3F1-BAAA-49D4-913C-5D20A68B431A}.Debug|Any CPU.Build.0 = Debug|Any CPU
		{374BB3F1-BAAA-49D4-913C-5D20A68B431A}.Release|Any CPU.ActiveCfg = Release|Any CPU
		{374BB3F1-BAAA-49D4-913C-5D20A68B431A}.Release|Any CPU.Build.0 = Release|Any CPU
		{D1B7AF72-E793-47EB-9C11-76D2418761DE}.Debug|Any CPU.ActiveCfg = Debug|Any CPU
		{D1B7AF72-E793-47EB-9C11-76D2418761DE}.Debug|Any CPU.Build.0 = Debug|Any CPU
		{D1B7AF72-E793-47EB-9C11-76D2418761DE}.Release|Any CPU.ActiveCfg = Release|Any CPU
		{D1B7AF72-E793-47EB-9C11-76D2418761DE}.Release|Any CPU.Build.0 = Release|Any CPU
		{05DB2BD3-7EE2-407F-9CF7-B1E3AA3D98BC}.Debug|Any CPU.ActiveCfg = Debug|Any CPU
		{05DB2BD3-7EE2-407F-9CF7-B1E3AA3D98BC}.Debug|Any CPU.Build.0 = Debug|Any CPU
		{05DB2BD3-7EE2-407F-9CF7-B1E3AA3D98BC}.Release|Any CPU.ActiveCfg = Release|Any CPU
		{05DB2BD3-7EE2-407F-9CF7-B1E3AA3D98BC}.Release|Any CPU.Build.0 = Release|Any CPU
	EndGlobalSection
	GlobalSection(SolutionProperties) = preSolution
		HideSolutionNode = FALSE
	EndGlobalSection
	GlobalSection(ExtensibilityGlobals) = postSolution
		SolutionGuid = {649BDFBE-C40D-4A70-AFBA-491BD046FAF2}
	EndGlobalSection
EndGlobal
